{
  "nodes": {
    "home-manager": {
      "inputs": {
        "nixpkgs": [
          "nixpkgs"
        ]
      },
      "locked": {
        "lastModified": 1648366999,
        "narHash": "sha256-Sdm0lI2ZBc70EnMMmvfDVY7gIM3M4c2L86EdQ9tKRE4=",
        "owner": "nix-community",
        "repo": "home-manager",
        "rev": "888eac32bd657bfe0d024c8770130d80d1c02cd3",
        "type": "github"
      },
      "original": {
        "owner": "nix-community",
        "repo": "home-manager",
        "type": "github"
      }
    },
    "nixpkgs": {
      "locked": {
        "lastModified": 1648633754,
        "narHash": "sha256-P/DytdUaAnn3xXFGFfImWAmS3CmQ3Nna6AP8NIdmu50=",
        "owner": "NixOS",
        "repo": "nixpkgs",
        "rev": "dd697d414853a99d0d5f05ee23430923c6da1176",
        "type": "github"
      },
      "original": {
        "owner": "NixOS",
        "ref": "master",
        "repo": "nixpkgs",
        "type": "github"
      }
    },
    "root": {
      "inputs": {
        "home-manager": "home-manager",
        "nixpkgs": "nixpkgs"
      }
    }
  },
  "root": "root",
  "version": 7
}
